
Microsoft Visual Studio Solution File, Format Version 12.00
# Visual Studio Version 17
VisualStudioVersion = 17.2.32616.157
MinimumVisualStudioVersion = 10.0.40219.1
Project("{FAE04EC0-301F-11D3-BF4B-00C04F79EFBC}") = "OnlineMenuProject.Core", "OnlineMenuProject.Core\OnlineMenuProject.Core.csproj", "{F2F3B369-C093-4020-BA4E-A686722EF06F}"
EndProject
Project("{FAE04EC0-301F-11D3-BF4B-00C04F79EFBC}") = "OnlineMenuProject.Data", "OnlineMenuProject.Data\OnlineMenuProject.Data.csproj", "{5596765E-670C-4859-946B-B0BD2DF6701D}"
EndProject
Project("{FAE04EC0-301F-11D3-BF4B-00C04F79EFBC}") = "OnlineMenuProject.Service", "OnlineMenuProject.Service\OnlineMenuProject.Service.csproj", "{87EC525C-3229-407F-8036-8196A6228C3F}"
EndProject
Project("{FAE04EC0-301F-11D3-BF4B-00C04F79EFBC}") = "OnlineMenuProject.UI", "OnlineMenuProject.UI\OnlineMenuProject.UI.csproj", "{0CA58E79-EFFF-490E-B428-CD10C458FD13}"
EndProject
Global
	GlobalSection(SolutionConfigurationPlatforms) = preSolution
		Debug|Any CPU = Debug|Any CPU
		Release|Any CPU = Release|Any CPU
	EndGlobalSection
	GlobalSection(ProjectConfigurationPlatforms) = postSolution
		{F2F3B369-C093-4020-BA4E-A686722EF06F}.Debug|Any CPU.ActiveCfg = Debug|Any CPU
		{F2F3B369-C093-4020-BA4E-A686722EF06F}.Debug|Any CPU.Build.0 = Debug|Any CPU
		{F2F3B369-C093-4020-BA4E-A686722EF06F}.Release|Any CPU.ActiveCfg = Release|Any CPU
		{F2F3B369-C093-4020-BA4E-A686722EF06F}.Release|Any CPU.Build.0 = Release|Any CPU
		{5596765E-670C-4859-946B-B0BD2DF6701D}.Debug|Any CPU.ActiveCfg = Debug|Any CPU
		{5596765E-670C-4859-946B-B0BD2DF6701D}.Debug|Any CPU.Build.0 = Debug|Any CPU
		{5596765E-670C-4859-946B-B0BD2DF6701D}.Release|Any CPU.ActiveCfg = Release|Any CPU
		{5596765E-670C-4859-946B-B0BD2DF6701D}.Release|Any CPU.Build.0 = Release|Any CPU
		{87EC525C-3229-407F-8036-8196A6228C3F}.Debug|Any CPU.ActiveCfg = Debug|Any CPU
		{87EC525C-3229-407F-8036-8196A6228C3F}.Debug|Any CPU.Build.0 = Debug|Any CPU
		{87EC525C-3229-407F-8036-8196A6228C3F}.Release|Any CPU.ActiveCfg = Release|Any CPU
		{87EC525C-3229-407F-8036-8196A6228C3F}.Release|Any CPU.Build.0 = Release|Any CPU
		{0CA58E79-EFFF-490E-B428-CD10C458FD13}.Debug|Any CPU.ActiveCfg = Debug|Any CPU
		{0CA58E79-EFFF-490E-B428-CD10C458FD13}.Debug|Any CPU.Build.0 = Debug|Any CPU
		{0CA58E79-EFFF-490E-B428-CD10C458FD13}.Release|Any CPU.ActiveCfg = Release|Any CPU
		{0CA58E79-EFFF-490E-B428-CD10C458FD13}.Release|Any CPU.Build.0 = Release|Any CPU
	EndGlobalSection
	GlobalSection(SolutionProperties) = preSolution
		HideSolutionNode = FALSE
	EndGlobalSection
	GlobalSection(ExtensibilityGlobals) = postSolution
		SolutionGuid = {F9387BE2-331D-46E0-8CEA-8EB25743C8E5}
	EndGlobalSection
EndGlobal
